
Microsoft Visual Studio Solution File, Format Version 12.00
# Visual Studio 14
VisualStudioVersion = 14.0.25420.1
MinimumVisualStudioVersion = 10.0.40219.1
Project("{FAE04EC0-301F-11D3-BF4B-00C04F79EFBC}") = "FF5ToDMHBestiaryConverter", "FF5ToDMHBestiaryConverter.csproj", "{CE2BCBE8-4908-4CC3-AB44-0BC7893C34CA}"
EndProject
Global
	GlobalSection(SolutionConfigurationPlatforms) = preSolution
		Debug|Any CPU = Debug|Any CPU
		Release|Any CPU = Release|Any CPU
	EndGlobalSection
	GlobalSection(ProjectConfigurationPlatforms) = postSolution
		{CE2BCBE8-4908-4CC3-AB44-0BC7893C34CA}.Debug|Any CPU.ActiveCfg = Debug|Any CPU
		{CE2BCBE8-4908-4CC3-AB44-0BC7893C34CA}.Debug|Any CPU.Build.0 = Debug|Any CPU
		{CE2BCBE8-4908-4CC3-AB44-0BC7893C34CA}.Release|Any CPU.ActiveCfg = Release|Any CPU
		{CE2BCBE8-4908-4CC3-AB44-0BC7893C34CA}.Release|Any CPU.Build.0 = Release|Any CPU
	EndGlobalSection
	GlobalSection(SolutionProperties) = preSolution
		HideSolutionNode = FALSE
	EndGlobalSection
EndGlobal
